version = 1
revision = 2
requires-python = ">=3.9.23"
resolution-markers = [
    "python_full_version >= '3.12'",
    "python_full_version == '3.11.*'",
    "python_full_version < '3.11'",
]

[[package]]
name = "build"
version = "1.3.0"
source = { registry = "https://repo.splunkdev.net/artifactory/api/pypi/pypi-test/simple" }
dependencies = [
    { name = "colorama", marker = "os_name == 'nt'" },
    { name = "importlib-metadata", marker = "python_full_version < '3.10.2'" },
    { name = "packaging" },
    { name = "pyproject-hooks" },
    { name = "tomli", marker = "python_full_version < '3.11'" },
]
sdist = { url = "https://repo.splunkdev.net/artifactory/api/pypi/pypi-test/packages/packages/25/1c/23e33405a7c9eac261dff640926b8b5adaed6a6eb3e1767d441ed611d0c0/build-1.3.0.tar.gz", hash = "sha256:698edd0ea270bde950f53aed21f3a0135672206f3911e0176261a31e0e07b397" }
wheels = [
    { url = "https://repo.splunkdev.net/artifactory/api/pypi/pypi-test/packages/packages/cb/8c/2b30c12155ad8de0cf641d76a8b396a16d2c36bc6d50b621a62b7c4567c1/build-1.3.0-py3-none-any.whl", hash = "sha256:7145f0b5061ba90a1500d60bd1b13ca0a8a4cebdd0cc16ed8adf1c0e739f43b4" },
]

[[package]]
name = "cachetools"
version = "6.1.0"
source = { registry = "https://repo.splunkdev.net/artifactory/api/pypi/pypi-test/simple" }
sdist = { url = "https://repo.splunkdev.net/artifactory/api/pypi/pypi-test/packages/packages/8a/89/817ad5d0411f136c484d535952aef74af9b25e0d99e90cdffbe121e6d628/cachetools-6.1.0.tar.gz", hash = "sha256:b4c4f404392848db3ce7aac34950d17be4d864da4b8b66911008e430bc544587" }
wheels = [
    { url = "https://repo.splunkdev.net/artifactory/api/pypi/pypi-test/packages/packages/00/f0/2ef431fe4141f5e334759d73e81120492b23b2824336883a91ac04ba710b/cachetools-6.1.0-py3-none-any.whl", hash = "sha256:1c7bb3cf9193deaf3508b7c5f2a79986c13ea38965c5adcff1f84519cf39163e" },
]

[[package]]
name = "chardet"
version = "5.2.0"
source = { registry = "https://repo.splunkdev.net/artifactory/api/pypi/pypi-test/simple" }
sdist = { url = "https://repo.splunkdev.net/artifactory/api/pypi/pypi-test/packages/packages/f3/0d/f7b6ab21ec75897ed80c17d79b15951a719226b9fababf1e40ea74d69079/chardet-5.2.0.tar.gz", hash = "sha256:1b3b6ff479a8c414bc3fa2c0852995695c4a026dcd6d0633b2dd092ca39c1cf7" }
wheels = [
    { url = "https://repo.splunkdev.net/artifactory/api/pypi/pypi-test/packages/packages/38/6f/f5fbc992a329ee4e0f288c1fe0e2ad9485ed064cac731ed2fe47dcc38cbf/chardet-5.2.0-py3-none-any.whl", hash = "sha256:e1cf59446890a00105fe7b7912492ea04b6e6f06d4b742b2c788469e34c82970" },
]

[[package]]
name = "colorama"
version = "0.4.6"
source = { registry = "https://repo.splunkdev.net/artifactory/api/pypi/pypi-test/simple" }
sdist = { url = "https://repo.splunkdev.net/artifactory/api/pypi/pypi-test/packages/packages/d8/53/6f443c9a4a8358a93a6792e2acffb9d9d5cb0a5cfd8802644b7b1c9a02e4/colorama-0.4.6.tar.gz", hash = "sha256:08695f5cb7ed6e0531a20572697297273c47b8cae5a63ffc6d6ed5c201be6e44" }
wheels = [
    { url = "https://repo.splunkdev.net/artifactory/api/pypi/pypi-test/packages/packages/d1/d6/3965ed04c63042e047cb6a3e6ed1a63a35087b6a609aa3a15ed8ac56c221/colorama-0.4.6-py2.py3-none-any.whl", hash = "sha256:4f1d9991f5acc0ca119f9d443620b77f9d6b33703e51011c16baf57afb285fc6" },
]

[[package]]
name = "deprecation"
version = "2.1.0"
source = { registry = "https://repo.splunkdev.net/artifactory/api/pypi/pypi-test/simple" }
dependencies = [
    { name = "packaging" },
]
sdist = { url = "https://repo.splunkdev.net/artifactory/api/pypi/pypi-test/packages/packages/5a/d3/8ae2869247df154b64c1884d7346d412fed0c49df84db635aab2d1c40e62/deprecation-2.1.0.tar.gz", hash = "sha256:72b3bde64e5d778694b0cf68178aed03d15e15477116add3fb773e581f9518ff" }
wheels = [
    { url = "https://repo.splunkdev.net/artifactory/api/pypi/pypi-test/packages/packages/02/c3/253a89ee03fc9b9682f1541728eb66db7db22148cd94f89ab22528cd1e1b/deprecation-2.1.0-py2.py3-none-any.whl", hash = "sha256:a10811591210e1fb0e768a8c25517cabeabcba6f0bf96564f8ff45189f90b14a" },
]

[[package]]
name = "distlib"
version = "0.4.0"
source = { registry = "https://repo.splunkdev.net/artifactory/api/pypi/pypi-test/simple" }
sdist = { url = "https://repo.splunkdev.net/artifactory/api/pypi/pypi-test/packages/packages/96/8e/709914eb2b5749865801041647dc7f4e6d00b549cfe88b65ca192995f07c/distlib-0.4.0.tar.gz", hash = "sha256:feec40075be03a04501a973d81f633735b4b69f98b05450592310c0f401a4e0d" }
wheels = [
    { url = "https://repo.splunkdev.net/artifactory/api/pypi/pypi-test/packages/packages/33/6b/e0547afaf41bf2c42e52430072fa5658766e3d65bd4b03a563d1b6336f57/distlib-0.4.0-py2.py3-none-any.whl", hash = "sha256:9659f7d87e46584a30b5780e43ac7a2143098441670ff0a49d5f9034c54a6c16" },
]

[[package]]
name = "filelock"
version = "3.18.0"
source = { registry = "https://repo.splunkdev.net/artifactory/api/pypi/pypi-test/simple" }
sdist = { url = "https://repo.splunkdev.net/artifactory/api/pypi/pypi-test/packages/packages/0a/10/c23352565a6544bdc5353e0b15fc1c563352101f30e24bf500207a54df9a/filelock-3.18.0.tar.gz", hash = "sha256:adbc88eabb99d2fec8c9c1b229b171f18afa655400173ddc653d5d01501fb9f2" }
wheels = [
    { url = "https://repo.splunkdev.net/artifactory/api/pypi/pypi-test/packages/packages/4d/36/2a115987e2d8c300a974597416d9de88f2444426de9571f4b59b2cca3acc/filelock-3.18.0-py3-none-any.whl", hash = "sha256:c401f4f8377c4464e6db25fff06205fd89bdd83b65eb0488ed1b160f780e21de" },
]

[[package]]
name = "importlib-metadata"
version = "8.7.0"
source = { registry = "https://repo.splunkdev.net/artifactory/api/pypi/pypi-test/simple" }
dependencies = [
    { name = "zipp", marker = "python_full_version < '3.11'" },
]
sdist = { url = "https://repo.splunkdev.net/artifactory/api/pypi/pypi-test/packages/packages/76/66/650a33bd90f786193e4de4b3ad86ea60b53c89b669a5c7be931fac31cdb0/importlib_metadata-8.7.0.tar.gz", hash = "sha256:d13b81ad223b890aa16c5471f2ac3056cf76c5f10f82d6f9292f0b415f389000" }
wheels = [
    { url = "https://repo.splunkdev.net/artifactory/api/pypi/pypi-test/packages/packages/20/b0/36bd937216ec521246249be3bf9855081de4c5e06a0c9b4219dbeda50373/importlib_metadata-8.7.0-py3-none-any.whl", hash = "sha256:e5dd1551894c77868a30651cef00984d50e1002d06942a7101d34870c5f02afd" },
]

[[package]]
name = "mypy"
version = "1.17.1"
source = { registry = "https://repo.splunkdev.net/artifactory/api/pypi/pypi-test/simple" }
dependencies = [
    { name = "mypy-extensions" },
    { name = "pathspec" },
    { name = "tomli", marker = "python_full_version < '3.11'" },
    { name = "typing-extensions" },
]
sdist = { url = "https://repo.splunkdev.net/artifactory/api/pypi/pypi-test/packages/packages/8e/22/ea637422dedf0bf36f3ef238eab4e455e2a0dcc3082b5cc067615347ab8e/mypy-1.17.1.tar.gz", hash = "sha256:25e01ec741ab5bb3eec8ba9cdb0f769230368a22c959c4937360efb89b7e9f01" }
wheels = [
    { url = "https://repo.splunkdev.net/artifactory/api/pypi/pypi-test/packages/packages/77/a9/3d7aa83955617cdf02f94e50aab5c830d205cfa4320cf124ff64acce3a8e/mypy-1.17.1-cp310-cp310-macosx_10_9_x86_64.whl", hash = "sha256:3fbe6d5555bf608c47203baa3e72dbc6ec9965b3d7c318aa9a4ca76f465bd972" },
    { url = "https://repo.splunkdev.net/artifactory/api/pypi/pypi-test/packages/packages/83/e8/72e62ff837dd5caaac2b4a5c07ce769c8e808a00a65e5d8f94ea9c6f20ab/mypy-1.17.1-cp310-cp310-macosx_11_0_arm64.whl", hash = "sha256:80ef5c058b7bce08c83cac668158cb7edea692e458d21098c7d3bce35a5d43e7" },
    { url = "https://repo.splunkdev.net/artifactory/api/pypi/pypi-test/packages/packages/7d/10/f3f3543f6448db11881776f26a0ed079865926b0c841818ee22de2c6bbab/mypy-1.17.1-cp310-cp310-manylinux2014_aarch64.manylinux_2_17_aarch64.manylinux_2_28_aarch64.whl", hash = "sha256:c4a580f8a70c69e4a75587bd925d298434057fe2a428faaf927ffe6e4b9a98df" },
    { url = "https://repo.splunkdev.net/artifactory/api/pypi/pypi-test/packages/packages/06/bf/63e83ed551282d67bb3f7fea2cd5561b08d2bb6eb287c096539feb5ddbc5/mypy-1.17.1-cp310-cp310-manylinux2014_x86_64.manylinux_2_17_x86_64.manylinux_2_28_x86_64.whl", hash = "sha256:dd86bb649299f09d987a2eebb4d52d10603224500792e1bee18303bbcc1ce390" },
    { url = "https://repo.splunkdev.net/artifactory/api/pypi/pypi-test/packages/packages/69/66/68f2eeef11facf597143e85b694a161868b3b006a5fbad50e09ea117ef24/mypy-1.17.1-cp310-cp310-musllinux_1_2_x86_64.whl", hash = "sha256:a76906f26bd8d51ea9504966a9c25419f2e668f012e0bdf3da4ea1526c534d94" },
    { url = "https://repo.splunkdev.net/artifactory/api/pypi/pypi-test/packages/packages/a3/87/8e3e9c2c8bd0d7e071a89c71be28ad088aaecbadf0454f46a540bda7bca6/mypy-1.17.1-cp310-cp310-win_amd64.whl", hash = "sha256:e79311f2d904ccb59787477b7bd5d26f3347789c06fcd7656fa500875290264b" },
    { url = "https://repo.splunkdev.net/artifactory/api/pypi/pypi-test/packages/packages/46/cf/eadc80c4e0a70db1c08921dcc220357ba8ab2faecb4392e3cebeb10edbfa/mypy-1.17.1-cp311-cp311-macosx_10_9_x86_64.whl", hash = "sha256:ad37544be07c5d7fba814eb370e006df58fed8ad1ef33ed1649cb1889ba6ff58" },
    { url = "https://repo.splunkdev.net/artifactory/api/pypi/pypi-test/packages/packages/5d/c1/c869d8c067829ad30d9bdae051046561552516cfb3a14f7f0347b7d973ee/mypy-1.17.1-cp311-cp311-macosx_11_0_arm64.whl", hash = "sha256:064e2ff508e5464b4bd807a7c1625bc5047c5022b85c70f030680e18f37273a5" },
    { url = "https://repo.splunkdev.net/artifactory/api/pypi/pypi-test/packages/packages/98/b9/803672bab3fe03cee2e14786ca056efda4bb511ea02dadcedde6176d06d0/mypy-1.17.1-cp311-cp311-manylinux2014_aarch64.manylinux_2_17_aarch64.manylinux_2_28_aarch64.whl", hash = "sha256:70401bbabd2fa1aa7c43bb358f54037baf0586f41e83b0ae67dd0534fc64edfd" },
    { url = "https://repo.splunkdev.net/artifactory/api/pypi/pypi-test/packages/packages/88/fb/fcdac695beca66800918c18697b48833a9a6701de288452b6715a98cfee1/mypy-1.17.1-cp311-cp311-manylinux2014_x86_64.manylinux_2_17_x86_64.manylinux_2_28_x86_64.whl", hash = "sha256:e92bdc656b7757c438660f775f872a669b8ff374edc4d18277d86b63edba6b8b" },
    { url = "https://repo.splunkdev.net/artifactory/api/pypi/pypi-test/packages/packages/7f/37/a932da3d3dace99ee8eb2043b6ab03b6768c36eb29a02f98f46c18c0da0e/mypy-1.17.1-cp311-cp311-musllinux_1_2_x86_64.whl", hash = "sha256:c1fdf4abb29ed1cb091cf432979e162c208a5ac676ce35010373ff29247bcad5" },
    { url = "https://repo.splunkdev.net/artifactory/api/pypi/pypi-test/packages/packages/8c/cf/6438a429e0f2f5cab8bc83e53dbebfa666476f40ee322e13cac5e64b79e7/mypy-1.17.1-cp311-cp311-win_amd64.whl", hash = "sha256:ff2933428516ab63f961644bc49bc4cbe42bbffb2cd3b71cc7277c07d16b1a8b" },
    { url = "https://repo.splunkdev.net/artifactory/api/pypi/pypi-test/packages/packages/17/a2/7034d0d61af8098ec47902108553122baa0f438df8a713be860f7407c9e6/mypy-1.17.1-cp312-cp312-macosx_10_13_x86_64.whl", hash = "sha256:69e83ea6553a3ba79c08c6e15dbd9bfa912ec1e493bf75489ef93beb65209aeb" },
    { url = "https://repo.splunkdev.net/artifactory/api/pypi/pypi-test/packages/packages/14/1f/19e7e44b594d4b12f6ba8064dbe136505cec813549ca3e5191e40b1d3cc2/mypy-1.17.1-cp312-cp312-macosx_11_0_arm64.whl", hash = "sha256:1b16708a66d38abb1e6b5702f5c2c87e133289da36f6a1d15f6a5221085c6403" },
    { url = "https://repo.splunkdev.net/artifactory/api/pypi/pypi-test/packages/packages/5b/69/baa33927e29e6b4c55d798a9d44db5d394072eef2bdc18c3e2048c9ed1e9/mypy-1.17.1-cp312-cp312-manylinux2014_aarch64.manylinux_2_17_aarch64.manylinux_2_28_aarch64.whl", hash = "sha256:89e972c0035e9e05823907ad5398c5a73b9f47a002b22359b177d40bdaee7056" },
    { url = "https://repo.splunkdev.net/artifactory/api/pypi/pypi-test/packages/packages/90/13/f3a89c76b0a41e19490b01e7069713a30949d9a6c147289ee1521bcea245/mypy-1.17.1-cp312-cp312-manylinux2014_x86_64.manylinux_2_17_x86_64.manylinux_2_28_x86_64.whl", hash = "sha256:03b6d0ed2b188e35ee6d5c36b5580cffd6da23319991c49ab5556c023ccf1341" },
    { url = "https://repo.splunkdev.net/artifactory/api/pypi/pypi-test/packages/packages/23/a1/c4ee79ac484241301564072e6476c5a5be2590bc2e7bfd28220033d2ef8f/mypy-1.17.1-cp312-cp312-musllinux_1_2_x86_64.whl", hash = "sha256:c837b896b37cd103570d776bda106eabb8737aa6dd4f248451aecf53030cdbeb" },
    { url = "https://repo.splunkdev.net/artifactory/api/pypi/pypi-test/packages/packages/89/b8/7409477be7919a0608900e6320b155c72caab4fef46427c5cc75f85edadd/mypy-1.17.1-cp312-cp312-win_amd64.whl", hash = "sha256:665afab0963a4b39dff7c1fa563cc8b11ecff7910206db4b2e64dd1ba25aed19" },
    { url = "https://repo.splunkdev.net/artifactory/api/pypi/pypi-test/packages/packages/5b/82/aec2fc9b9b149f372850291827537a508d6c4d3664b1750a324b91f71355/mypy-1.17.1-cp313-cp313-macosx_10_13_x86_64.whl", hash = "sha256:93378d3203a5c0800c6b6d850ad2f19f7a3cdf1a3701d3416dbf128805c6a6a7" },
    { url = "https://repo.splunkdev.net/artifactory/api/pypi/pypi-test/packages/packages/07/ac/ee93fbde9d2242657128af8c86f5d917cd2887584cf948a8e3663d0cd737/mypy-1.17.1-cp313-cp313-macosx_11_0_arm64.whl", hash = "sha256:15d54056f7fe7a826d897789f53dd6377ec2ea8ba6f776dc83c2902b899fee81" },
    { url = "https://repo.splunkdev.net/artifactory/api/pypi/pypi-test/packages/packages/5a/68/946a1e0be93f17f7caa56c45844ec691ca153ee8b62f21eddda336a2d203/mypy-1.17.1-cp313-cp313-manylinux2014_aarch64.manylinux_2_17_aarch64.manylinux_2_28_aarch64.whl", hash = "sha256:209a58fed9987eccc20f2ca94afe7257a8f46eb5df1fb69958650973230f91e6" },
    { url = "https://repo.splunkdev.net/artifactory/api/pypi/pypi-test/packages/packages/9f/0f/478b4dce1cb4f43cf0f0d00fba3030b21ca04a01b74d1cd272a528cf446f/mypy-1.17.1-cp313-cp313-manylinux2014_x86_64.manylinux_2_17_x86_64.manylinux_2_28_x86_64.whl", hash = "sha256:099b9a5da47de9e2cb5165e581f158e854d9e19d2e96b6698c0d64de911dd849" },
    { url = "https://repo.splunkdev.net/artifactory/api/pypi/pypi-test/packages/packages/ca/70/afa5850176379d1b303f992a828de95fc14487429a7139a4e0bdd17a8279/mypy-1.17.1-cp313-cp313-musllinux_1_2_x86_64.whl", hash = "sha256:fa6ffadfbe6994d724c5a1bb6123a7d27dd68fc9c059561cd33b664a79578e14" },
    { url = "https://repo.splunkdev.net/artifactory/api/pypi/pypi-test/packages/packages/53/f9/4a83e1c856a3d9c8f6edaa4749a4864ee98486e9b9dbfbc93842891029c2/mypy-1.17.1-cp313-cp313-win_amd64.whl", hash = "sha256:9a2b7d9180aed171f033c9f2fc6c204c1245cf60b0cb61cf2e7acc24eea78e0a" },
    { url = "https://repo.splunkdev.net/artifactory/api/pypi/pypi-test/packages/packages/38/56/79c2fac86da57c7d8c48622a05873eaab40b905096c33597462713f5af90/mypy-1.17.1-cp314-cp314-macosx_10_13_x86_64.whl", hash = "sha256:15a83369400454c41ed3a118e0cc58bd8123921a602f385cb6d6ea5df050c733" },
    { url = "https://repo.splunkdev.net/artifactory/api/pypi/pypi-test/packages/packages/4d/c3/adabe6ff53638e3cad19e3547268482408323b1e68bf082c9119000cd049/mypy-1.17.1-cp314-cp314-macosx_11_0_arm64.whl", hash = "sha256:55b918670f692fc9fba55c3298d8a3beae295c5cded0a55dccdc5bbead814acd" },
    { url = "https://repo.splunkdev.net/artifactory/api/pypi/pypi-test/packages/packages/b8/c5/2e234c22c3bdeb23a7817af57a58865a39753bde52c74e2c661ee0cfc640/mypy-1.17.1-cp314-cp314-manylinux2014_aarch64.manylinux_2_17_aarch64.manylinux_2_28_aarch64.whl", hash = "sha256:62761474061feef6f720149d7ba876122007ddc64adff5ba6f374fda35a018a0" },
    { url = "https://repo.splunkdev.net/artifactory/api/pypi/pypi-test/packages/packages/ab/26/c13c130f35ca8caa5f2ceab68a247775648fdcd6c9a18f158825f2bc2410/mypy-1.17.1-cp314-cp314-manylinux2014_x86_64.manylinux_2_17_x86_64.manylinux_2_28_x86_64.whl", hash = "sha256:c49562d3d908fd49ed0938e5423daed8d407774a479b595b143a3d7f87cdae6a" },
    { url = "https://repo.splunkdev.net/artifactory/api/pypi/pypi-test/packages/packages/82/df/c7d79d09f6de8383fe800521d066d877e54d30b4fb94281c262be2df84ef/mypy-1.17.1-cp314-cp314-musllinux_1_2_x86_64.whl", hash = "sha256:397fba5d7616a5bc60b45c7ed204717eaddc38f826e3645402c426057ead9a91" },
    { url = "https://repo.splunkdev.net/artifactory/api/pypi/pypi-test/packages/packages/b8/98/3d5a48978b4f708c55ae832619addc66d677f6dc59f3ebad71bae8285ca6/mypy-1.17.1-cp314-cp314-win_amd64.whl", hash = "sha256:9d6b20b97d373f41617bd0708fd46aa656059af57f2ef72aa8c7d6a2b73b74ed" },
    { url = "https://repo.splunkdev.net/artifactory/api/pypi/pypi-test/packages/packages/29/cb/673e3d34e5d8de60b3a61f44f80150a738bff568cd6b7efb55742a605e98/mypy-1.17.1-cp39-cp39-macosx_10_9_x86_64.whl", hash = "sha256:5d1092694f166a7e56c805caaf794e0585cabdbf1df36911c414e4e9abb62ae9" },
    { url = "https://repo.splunkdev.net/artifactory/api/pypi/pypi-test/packages/packages/0c/d0/fe1895836eea3a33ab801561987a10569df92f2d3d4715abf2cfeaa29cb2/mypy-1.17.1-cp39-cp39-macosx_11_0_arm64.whl", hash = "sha256:79d44f9bfb004941ebb0abe8eff6504223a9c1ac51ef967d1263c6572bbebc99" },
    { url = "https://repo.splunkdev.net/artifactory/api/pypi/pypi-test/packages/packages/97/f3/514aa5532303aafb95b9ca400a31054a2bd9489de166558c2baaeea9c522/mypy-1.17.1-cp39-cp39-manylinux2014_aarch64.manylinux_2_17_aarch64.manylinux_2_28_aarch64.whl", hash = "sha256:b01586eed696ec905e61bd2568f48740f7ac4a45b3a468e6423a03d3788a51a8" },
    { url = "https://repo.splunkdev.net/artifactory/api/pypi/pypi-test/packages/packages/ab/c3/c0805f0edec96fe8e2c048b03769a6291523d509be8ee7f56ae922fa3882/mypy-1.17.1-cp39-cp39-manylinux2014_x86_64.manylinux_2_17_x86_64.manylinux_2_28_x86_64.whl", hash = "sha256:43808d9476c36b927fbcd0b0255ce75efe1b68a080154a38ae68a7e62de8f0f8" },
    { url = "https://repo.splunkdev.net/artifactory/api/pypi/pypi-test/packages/packages/45/3e/d646b5a298ada21a8512fa7e5531f664535a495efa672601702398cea2b4/mypy-1.17.1-cp39-cp39-musllinux_1_2_x86_64.whl", hash = "sha256:feb8cc32d319edd5859da2cc084493b3e2ce5e49a946377663cc90f6c15fb259" },
    { url = "https://repo.splunkdev.net/artifactory/api/pypi/pypi-test/packages/packages/14/55/e13d0dcd276975927d1f4e9e2ec4fd409e199f01bdc671717e673cc63a22/mypy-1.17.1-cp39-cp39-win_amd64.whl", hash = "sha256:d7598cf74c3e16539d4e2f0b8d8c318e00041553d83d4861f87c7a72e95ac24d" },
    { url = "https://repo.splunkdev.net/artifactory/api/pypi/pypi-test/packages/packages/1d/f3/8fcd2af0f5b806f6cf463efaffd3c9548a28f84220493ecd38d127b6b66d/mypy-1.17.1-py3-none-any.whl", hash = "sha256:a9f52c0351c21fe24c21d8c0eb1f62967b262d6729393397b6f443c3b773c3b9" },
]

[[package]]
name = "mypy-extensions"
version = "1.1.0"
source = { registry = "https://repo.splunkdev.net/artifactory/api/pypi/pypi-test/simple" }
sdist = { url = "https://repo.splunkdev.net/artifactory/api/pypi/pypi-test/packages/packages/a2/6e/371856a3fb9d31ca8dac321cda606860fa4548858c0cc45d9d1d4ca2628b/mypy_extensions-1.1.0.tar.gz", hash = "sha256:52e68efc3284861e772bbcd66823fde5ae21fd2fdb51c62a211403730b916558" }
wheels = [
    { url = "https://repo.splunkdev.net/artifactory/api/pypi/pypi-test/packages/packages/79/7b/2c79738432f5c924bef5071f933bcc9efd0473bac3b4aa584a6f7c1c8df8/mypy_extensions-1.1.0-py3-none-any.whl", hash = "sha256:1be4cccdb0f2482337c4743e60421de3a356cd97508abadd57d47403e94f5505" },
]

[[package]]
name = "packaging"
version = "25.0"
source = { registry = "https://repo.splunkdev.net/artifactory/api/pypi/pypi-test/simple" }
sdist = { url = "https://repo.splunkdev.net/artifactory/api/pypi/pypi-test/packages/packages/a1/d4/1fc4078c65507b51b96ca8f8c3ba19e6a61c8253c72794544580a7b6c24d/packaging-25.0.tar.gz", hash = "sha256:d443872c98d677bf60f6a1f2f8c1cb748e8fe762d2bf9d3148b5599295b0fc4f" }
wheels = [
    { url = "https://repo.splunkdev.net/artifactory/api/pypi/pypi-test/packages/packages/20/12/38679034af332785aac8774540895e234f4d07f7545804097de4b666afd8/packaging-25.0-py3-none-any.whl", hash = "sha256:29572ef2b1f17581046b3a2227d5c611fb25ec70ca1ba8554b24b0e69331a484" },
]

[[package]]
name = "pathspec"
version = "0.12.1"
source = { registry = "https://repo.splunkdev.net/artifactory/api/pypi/pypi-test/simple" }
sdist = { url = "https://repo.splunkdev.net/artifactory/api/pypi/pypi-test/packages/packages/ca/bc/f35b8446f4531a7cb215605d100cd88b7ac6f44ab3fc94870c120ab3adbf/pathspec-0.12.1.tar.gz", hash = "sha256:a482d51503a1ab33b1c67a6c3813a26953dbdc71c31dacaef9a838c4e29f5712" }
wheels = [
    { url = "https://repo.splunkdev.net/artifactory/api/pypi/pypi-test/packages/packages/cc/20/ff623b09d963f88bfde16306a54e12ee5ea43e9b597108672ff3a408aad6/pathspec-0.12.1-py3-none-any.whl", hash = "sha256:a0d503e138a4c123b27490a4f7beda6a01c6f288df0e4a8b79c7eb0dc7b4cc08" },
]

[[package]]
name = "platformdirs"
version = "4.3.8"
source = { registry = "https://repo.splunkdev.net/artifactory/api/pypi/pypi-test/simple" }
sdist = { url = "https://repo.splunkdev.net/artifactory/api/pypi/pypi-test/packages/packages/fe/8b/3c73abc9c759ecd3f1f7ceff6685840859e8070c4d947c93fae71f6a0bf2/platformdirs-4.3.8.tar.gz", hash = "sha256:3d512d96e16bcb959a814c9f348431070822a6496326a4be0911c40b5a74c2bc" }
wheels = [
    { url = "https://repo.splunkdev.net/artifactory/api/pypi/pypi-test/packages/packages/fe/39/979e8e21520d4e47a0bbe349e2713c0aac6f3d853d0e5b34d76206c439aa/platformdirs-4.3.8-py3-none-any.whl", hash = "sha256:ff7059bb7eb1179e2685604f4aaf157cfd9535242bd23742eadc3c13542139b4" },
]

[[package]]
name = "pluggy"
version = "1.6.0"
source = { registry = "https://repo.splunkdev.net/artifactory/api/pypi/pypi-test/simple" }
sdist = { url = "https://repo.splunkdev.net/artifactory/api/pypi/pypi-test/packages/packages/f9/e2/3e91f31a7d2b083fe6ef3fa267035b518369d9511ffab804f839851d2779/pluggy-1.6.0.tar.gz", hash = "sha256:7dcc130b76258d33b90f61b658791dede3486c3e6bfb003ee5c9bfb396dd22f3" }
wheels = [
    { url = "https://repo.splunkdev.net/artifactory/api/pypi/pypi-test/packages/packages/54/20/4d324d65cc6d9205fabedc306948156824eb9f0ee1633355a8f7ec5c66bf/pluggy-1.6.0-py3-none-any.whl", hash = "sha256:e920276dd6813095e9377c0bc5566d94c932c33b27a3e3945d8389c374dd4746" },
]

[[package]]
name = "pyproject-api"
version = "1.9.1"
source = { registry = "https://repo.splunkdev.net/artifactory/api/pypi/pypi-test/simple" }
dependencies = [
    { name = "packaging" },
    { name = "tomli", marker = "python_full_version < '3.11'" },
]
sdist = { url = "https://repo.splunkdev.net/artifactory/api/pypi/pypi-test/packages/packages/19/fd/437901c891f58a7b9096511750247535e891d2d5a5a6eefbc9386a2b41d5/pyproject_api-1.9.1.tar.gz", hash = "sha256:43c9918f49daab37e302038fc1aed54a8c7a91a9fa935d00b9a485f37e0f5335" }
wheels = [
    { url = "https://repo.splunkdev.net/artifactory/api/pypi/pypi-test/packages/packages/ef/e6/c293c06695d4a3ab0260ef124a74ebadba5f4c511ce3a4259e976902c00b/pyproject_api-1.9.1-py3-none-any.whl", hash = "sha256:7d6238d92f8962773dd75b5f0c4a6a27cce092a14b623b811dba656f3b628948" },
]

[[package]]
name = "pyproject-hooks"
version = "1.2.0"
source = { registry = "https://repo.splunkdev.net/artifactory/api/pypi/pypi-test/simple" }
sdist = { url = "https://repo.splunkdev.net/artifactory/api/pypi/pypi-test/packages/packages/e7/82/28175b2414effca1cdac8dc99f76d660e7a4fb0ceefa4b4ab8f5f6742925/pyproject_hooks-1.2.0.tar.gz", hash = "sha256:1e859bd5c40fae9448642dd871adf459e5e2084186e8d2c2a79a824c970da1f8" }
wheels = [
    { url = "https://repo.splunkdev.net/artifactory/api/pypi/pypi-test/packages/packages/bd/24/12818598c362d7f300f18e74db45963dbcb85150324092410c8b49405e42/pyproject_hooks-1.2.0-py3-none-any.whl", hash = "sha256:9e5c6bfa8dcc30091c74b0cf803c81fdd29d94f01992a7707bc97babb1141913" },
]

[[package]]
name = "python-dotenv"
version = "1.1.1"
source = { registry = "https://repo.splunkdev.net/artifactory/api/pypi/pypi-test/simple" }
sdist = { url = "https://repo.splunkdev.net/artifactory/api/pypi/pypi-test/packages/packages/f6/b0/4bc07ccd3572a2f9df7e6782f52b0c6c90dcbb803ac4a167702d7d0dfe1e/python_dotenv-1.1.1.tar.gz", hash = "sha256:a8a6399716257f45be6a007360200409fce5cda2661e3dec71d23dc15f6189ab" }
wheels = [
    { url = "https://repo.splunkdev.net/artifactory/api/pypi/pypi-test/packages/packages/5f/ed/539768cf28c661b5b068d66d96a2f155c4971a5d55684a514c1a0e0dec2f/python_dotenv-1.1.1-py3-none-any.whl", hash = "sha256:31f23644fe2602f88ff55e1f5c79ba497e01224ee7737937930c448e4d0e24dc" },
]

[[package]]
name = "ruff"
version = "0.12.7"
source = { registry = "https://repo.splunkdev.net/artifactory/api/pypi/pypi-test/simple" }
sdist = { url = "https://repo.splunkdev.net/artifactory/api/pypi/pypi-test/packages/packages/a1/81/0bd3594fa0f690466e41bd033bdcdf86cba8288345ac77ad4afbe5ec743a/ruff-0.12.7.tar.gz", hash = "sha256:1fc3193f238bc2d7968772c82831a4ff69252f673be371fb49663f0068b7ec71" }
wheels = [
    { url = "https://repo.splunkdev.net/artifactory/api/pypi/pypi-test/packages/packages/e1/d2/6cb35e9c85e7a91e8d22ab32ae07ac39cc34a71f1009a6f9e4a2a019e602/ruff-0.12.7-py3-none-linux_armv6l.whl", hash = "sha256:76e4f31529899b8c434c3c1dede98c4483b89590e15fb49f2d46183801565303" },
    { url = "https://repo.splunkdev.net/artifactory/api/pypi/pypi-test/packages/packages/63/5b/a4136b9921aa84638f1a6be7fb086f8cad0fde538ba76bda3682f2599a2f/ruff-0.12.7-py3-none-macosx_10_12_x86_64.whl", hash = "sha256:789b7a03e72507c54fb3ba6209e4bb36517b90f1a3569ea17084e3fd295500fb" },
    { url = "https://repo.splunkdev.net/artifactory/api/pypi/pypi-test/packages/packages/a8/c9/3e24a8472484269b6b1821794141f879c54645a111ded4b6f58f9ab0705f/ruff-0.12.7-py3-none-macosx_11_0_arm64.whl", hash = "sha256:2e1c2a3b8626339bb6369116e7030a4cf194ea48f49b64bb505732a7fce4f4e3" },
    { url = "https://repo.splunkdev.net/artifactory/api/pypi/pypi-test/packages/packages/26/7c/458dd25deeb3452c43eaee853c0b17a1e84169f8021a26d500ead77964fd/ruff-0.12.7-py3-none-manylinux_2_17_aarch64.manylinux2014_aarch64.whl", hash = "sha256:32dec41817623d388e645612ec70d5757a6d9c035f3744a52c7b195a57e03860" },
    { url = "https://repo.splunkdev.net/artifactory/api/pypi/pypi-test/packages/packages/7f/8b/658798472ef260ca050e400ab96ef7e85c366c39cf3dfbef4d0a46a528b6/ruff-0.12.7-py3-none-manylinux_2_17_armv7l.manylinux2014_armv7l.whl", hash = "sha256:47ef751f722053a5df5fa48d412dbb54d41ab9b17875c6840a58ec63ff0c247c" },
    { url = "https://repo.splunkdev.net/artifactory/api/pypi/pypi-test/packages/packages/a8/86/9c2336f13b2a3326d06d39178fd3448dcc7025f82514d1b15816fe42bfe8/ruff-0.12.7-py3-none-manylinux_2_17_i686.manylinux2014_i686.whl", hash = "sha256:a828a5fc25a3efd3e1ff7b241fd392686c9386f20e5ac90aa9234a5faa12c423" },
    { url = "https://repo.splunkdev.net/artifactory/api/pypi/pypi-test/packages/packages/76/69/df73f65f53d6c463b19b6b312fd2391dc36425d926ec237a7ed028a90fc1/ruff-0.12.7-py3-none-manylinux_2_17_ppc64.manylinux2014_ppc64.whl", hash = "sha256:5726f59b171111fa6a69d82aef48f00b56598b03a22f0f4170664ff4d8298efb" },
    { url = "https://repo.splunkdev.net/artifactory/api/pypi/pypi-test/packages/packages/58/1e/de6cda406d99fea84b66811c189b5ea139814b98125b052424b55d28a41c/ruff-0.12.7-py3-none-manylinux_2_17_ppc64le.manylinux2014_ppc64le.whl", hash = "sha256:74e6f5c04c4dd4aba223f4fe6e7104f79e0eebf7d307e4f9b18c18362124bccd" },
    { url = "https://repo.splunkdev.net/artifactory/api/pypi/pypi-test/packages/packages/6f/ae/625d46d5164a6cc9261945a5e89df24457dc8262539ace3ac36c40f0b51e/ruff-0.12.7-py3-none-manylinux_2_17_s390x.manylinux2014_s390x.whl", hash = "sha256:5d0bfe4e77fba61bf2ccadf8cf005d6133e3ce08793bbe870dd1c734f2699a3e" },
    { url = "https://repo.splunkdev.net/artifactory/api/pypi/pypi-test/packages/packages/55/bf/9cb1ea5e3066779e42ade8d0cd3d3b0582a5720a814ae1586f85014656b6/ruff-0.12.7-py3-none-manylinux_2_17_x86_64.manylinux2014_x86_64.whl", hash = "sha256:06bfb01e1623bf7f59ea749a841da56f8f653d641bfd046edee32ede7ff6c606" },
    { url = "https://repo.splunkdev.net/artifactory/api/pypi/pypi-test/packages/packages/55/7f/7ead2663be5627c04be83754c4f3096603bf5e99ed856c7cd29618c691bd/ruff-0.12.7-py3-none-musllinux_1_2_aarch64.whl", hash = "sha256:e41df94a957d50083fd09b916d6e89e497246698c3f3d5c681c8b3e7b9bb4ac8" },
    { url = "https://repo.splunkdev.net/artifactory/api/pypi/pypi-test/packages/packages/17/40/a95352ea16edf78cd3a938085dccc55df692a4d8ba1b3af7accbe2c806b0/ruff-0.12.7-py3-none-musllinux_1_2_armv7l.whl", hash = "sha256:4000623300563c709458d0ce170c3d0d788c23a058912f28bbadc6f905d67afa" },
    { url = "https://repo.splunkdev.net/artifactory/api/pypi/pypi-test/packages/packages/4d/74/633b04871c669e23b8917877e812376827c06df866e1677f15abfadc95cb/ruff-0.12.7-py3-none-musllinux_1_2_i686.whl", hash = "sha256:69ffe0e5f9b2cf2b8e289a3f8945b402a1b19eff24ec389f45f23c42a3dd6fb5" },
    { url = "https://repo.splunkdev.net/artifactory/api/pypi/pypi-test/packages/packages/be/34/c3ef2d7799c9778b835a76189c6f53c179d3bdebc8c65288c29032e03613/ruff-0.12.7-py3-none-musllinux_1_2_x86_64.whl", hash = "sha256:a07a5c8ffa2611a52732bdc67bf88e243abd84fe2d7f6daef3826b59abbfeda4" },
    { url = "https://repo.splunkdev.net/artifactory/api/pypi/pypi-test/packages/packages/77/ab/aca2e756ad7b09b3d662a41773f3edcbd262872a4fc81f920dc1ffa44541/ruff-0.12.7-py3-none-win32.whl", hash = "sha256:c928f1b2ec59fb77dfdf70e0419408898b63998789cc98197e15f560b9e77f77" },
    { url = "https://repo.splunkdev.net/artifactory/api/pypi/pypi-test/packages/packages/b4/71/26d45a5042bc71db22ddd8252ca9d01e9ca454f230e2996bb04f16d72799/ruff-0.12.7-py3-none-win_amd64.whl", hash = "sha256:9c18f3d707ee9edf89da76131956aba1270c6348bfee8f6c647de841eac7194f" },
    { url = "https://repo.splunkdev.net/artifactory/api/pypi/pypi-test/packages/packages/4c/9b/0b8aa09817b63e78d94b4977f18b1fcaead3165a5ee49251c5d5c245bb2d/ruff-0.12.7-py3-none-win_arm64.whl", hash = "sha256:dfce05101dbd11833a0776716d5d1578641b7fddb537fe7fa956ab85d1769b69" },
]

[[package]]
name = "setuptools"
version = "80.9.0"
source = { registry = "https://repo.splunkdev.net/artifactory/api/pypi/pypi-test/simple" }
sdist = { url = "https://repo.splunkdev.net/artifactory/api/pypi/pypi-test/packages/packages/18/5d/3bf57dcd21979b887f014ea83c24ae194cfcd12b9e0fda66b957c69d1fca/setuptools-80.9.0.tar.gz", hash = "sha256:f36b47402ecde768dbfafc46e8e4207b4360c654f1f3bb84475f0a28628fb19c" }
wheels = [
    { url = "https://repo.splunkdev.net/artifactory/api/pypi/pypi-test/packages/packages/a3/dc/17031897dae0efacfea57dfd3a82fdd2a2aeb58e0ff71b77b87e44edc772/setuptools-80.9.0-py3-none-any.whl", hash = "sha256:062d34222ad13e0cc312a4c02d73f059e86a4acbfbdea8f8f76b28c99f306922" },
]

[[package]]
name = "splunk-sdk"
source = { editable = "." }
dependencies = [
    { name = "deprecation" },
    { name = "python-dotenv" },
]

[package.optional-dependencies]
all = [
    { name = "build" },
    { name = "mypy" },
    { name = "ruff" },
    { name = "setuptools" },
    { name = "tox" },
]
build = [
    { name = "build" },
    { name = "setuptools" },
    { name = "tox" },
]
lint = [
    { name = "mypy" },
    { name = "ruff" },
]
test = [
    { name = "tox" },
]

[package.metadata]
requires-dist = [
    { name = "build", marker = "extra == 'build'" },
    { name = "deprecation" },
    { name = "mypy", marker = "extra == 'lint'" },
    { name = "python-dotenv" },
    { name = "ruff", marker = "extra == 'lint'" },
    { name = "setuptools", marker = "extra == 'build'" },
    { name = "splunk-sdk", extras = ["build", "lint", "test"], marker = "extra == 'all'" },
    { name = "splunk-sdk", extras = ["test"], marker = "extra == 'build'" },
    { name = "tox", marker = "extra == 'test'" },
]
provides-extras = ["test", "lint", "build", "all"]

[[package]]
name = "tomli"
version = "2.2.1"
source = { registry = "https://repo.splunkdev.net/artifactory/api/pypi/pypi-test/simple" }
sdist = { url = "https://repo.splunkdev.net/artifactory/api/pypi/pypi-test/packages/packages/18/87/302344fed471e44a87289cf4967697d07e532f2421fdaf868a303cbae4ff/tomli-2.2.1.tar.gz", hash = "sha256:cd45e1dc79c835ce60f7404ec8119f2eb06d38b1deba146f07ced3bbc44505ff" }
wheels = [
    { url = "https://repo.splunkdev.net/artifactory/api/pypi/pypi-test/packages/packages/43/ca/75707e6efa2b37c77dadb324ae7d9571cb424e61ea73fad7c56c2d14527f/tomli-2.2.1-cp311-cp311-macosx_10_9_x86_64.whl", hash = "sha256:678e4fa69e4575eb77d103de3df8a895e1591b48e740211bd1067378c69e8249" },
    { url = "https://repo.splunkdev.net/artifactory/api/pypi/pypi-test/packages/packages/c7/16/51ae563a8615d472fdbffc43a3f3d46588c264ac4f024f63f01283becfbb/tomli-2.2.1-cp311-cp311-macosx_11_0_arm64.whl", hash = "sha256:023aa114dd824ade0100497eb2318602af309e5a55595f76b626d6d9f3b7b0a6" },
    { url = "https://repo.splunkdev.net/artifactory/api/pypi/pypi-test/packages/packages/f1/dd/4f6cd1e7b160041db83c694abc78e100473c15d54620083dbd5aae7b990e/tomli-2.2.1-cp311-cp311-manylinux_2_17_aarch64.manylinux2014_aarch64.whl", hash = "sha256:ece47d672db52ac607a3d9599a9d48dcb2f2f735c6c2d1f34130085bb12b112a" },
    { url = "https://repo.splunkdev.net/artifactory/api/pypi/pypi-test/packages/packages/a9/6b/c54ede5dc70d648cc6361eaf429304b02f2871a345bbdd51e993d6cdf550/tomli-2.2.1-cp311-cp311-manylinux_2_17_x86_64.manylinux2014_x86_64.whl", hash = "sha256:6972ca9c9cc9f0acaa56a8ca1ff51e7af152a9f87fb64623e31d5c83700080ee" },
    { url = "https://repo.splunkdev.net/artifactory/api/pypi/pypi-test/packages/packages/1f/47/999514fa49cfaf7a92c805a86c3c43f4215621855d151b61c602abb38091/tomli-2.2.1-cp311-cp311-manylinux_2_5_i686.manylinux1_i686.manylinux_2_17_i686.manylinux2014_i686.whl", hash = "sha256:c954d2250168d28797dd4e3ac5cf812a406cd5a92674ee4c8f123c889786aa8e" },
    { url = "https://repo.splunkdev.net/artifactory/api/pypi/pypi-test/packages/packages/73/41/0a01279a7ae09ee1573b423318e7934674ce06eb33f50936655071d81a24/tomli-2.2.1-cp311-cp311-musllinux_1_2_aarch64.whl", hash = "sha256:8dd28b3e155b80f4d54beb40a441d366adcfe740969820caf156c019fb5c7ec4" },
    { url = "https://repo.splunkdev.net/artifactory/api/pypi/pypi-test/packages/packages/55/18/5d8bc5b0a0362311ce4d18830a5d28943667599a60d20118074ea1b01bb7/tomli-2.2.1-cp311-cp311-musllinux_1_2_i686.whl", hash = "sha256:e59e304978767a54663af13c07b3d1af22ddee3bb2fb0618ca1593e4f593a106" },
    { url = "https://repo.splunkdev.net/artifactory/api/pypi/pypi-test/packages/packages/92/a3/7ade0576d17f3cdf5ff44d61390d4b3febb8a9fc2b480c75c47ea048c646/tomli-2.2.1-cp311-cp311-musllinux_1_2_x86_64.whl", hash = "sha256:33580bccab0338d00994d7f16f4c4ec25b776af3ffaac1ed74e0b3fc95e885a8" },
    { url = "https://repo.splunkdev.net/artifactory/api/pypi/pypi-test/packages/packages/72/6f/fa64ef058ac1446a1e51110c375339b3ec6be245af9d14c87c4a6412dd32/tomli-2.2.1-cp311-cp311-win32.whl", hash = "sha256:465af0e0875402f1d226519c9904f37254b3045fc5084697cefb9bdde1ff99ff" },
    { url = "https://repo.splunkdev.net/artifactory/api/pypi/pypi-test/packages/packages/6a/1c/4a2dcde4a51b81be3530565e92eda625d94dafb46dbeb15069df4caffc34/tomli-2.2.1-cp311-cp311-win_amd64.whl", hash = "sha256:2d0f2fdd22b02c6d81637a3c95f8cd77f995846af7414c5c4b8d0545afa1bc4b" },
    { url = "https://repo.splunkdev.net/artifactory/api/pypi/pypi-test/packages/packages/52/e1/f8af4c2fcde17500422858155aeb0d7e93477a0d59a98e56cbfe75070fd0/tomli-2.2.1-cp312-cp312-macosx_10_13_x86_64.whl", hash = "sha256:4a8f6e44de52d5e6c657c9fe83b562f5f4256d8ebbfe4ff922c495620a7f6cea" },
    { url = "https://repo.splunkdev.net/artifactory/api/pypi/pypi-test/packages/packages/03/b8/152c68bb84fc00396b83e7bbddd5ec0bd3dd409db4195e2a9b3e398ad2e3/tomli-2.2.1-cp312-cp312-macosx_11_0_arm64.whl", hash = "sha256:8d57ca8095a641b8237d5b079147646153d22552f1c637fd3ba7f4b0b29167a8" },
    { url = "https://repo.splunkdev.net/artifactory/api/pypi/pypi-test/packages/packages/c8/d6/fc9267af9166f79ac528ff7e8c55c8181ded34eb4b0e93daa767b8841573/tomli-2.2.1-cp312-cp312-manylinux_2_17_aarch64.manylinux2014_aarch64.whl", hash = "sha256:4e340144ad7ae1533cb897d406382b4b6fede8890a03738ff1683af800d54192" },
    { url = "https://repo.splunkdev.net/artifactory/api/pypi/pypi-test/packages/packages/5c/51/51c3f2884d7bab89af25f678447ea7d297b53b5a3b5730a7cb2ef6069f07/tomli-2.2.1-cp312-cp312-manylinux_2_17_x86_64.manylinux2014_x86_64.whl", hash = "sha256:db2b95f9de79181805df90bedc5a5ab4c165e6ec3fe99f970d0e302f384ad222" },
    { url = "https://repo.splunkdev.net/artifactory/api/pypi/pypi-test/packages/packages/ab/df/bfa89627d13a5cc22402e441e8a931ef2108403db390ff3345c05253935e/tomli-2.2.1-cp312-cp312-manylinux_2_5_i686.manylinux1_i686.manylinux_2_17_i686.manylinux2014_i686.whl", hash = "sha256:40741994320b232529c802f8bc86da4e1aa9f413db394617b9a256ae0f9a7f77" },
    { url = "https://repo.splunkdev.net/artifactory/api/pypi/pypi-test/packages/packages/9e/6e/fa2b916dced65763a5168c6ccb91066f7639bdc88b48adda990db10c8c0b/tomli-2.2.1-cp312-cp312-musllinux_1_2_aarch64.whl", hash = "sha256:400e720fe168c0f8521520190686ef8ef033fb19fc493da09779e592861b78c6" },
    { url = "https://repo.splunkdev.net/artifactory/api/pypi/pypi-test/packages/packages/b4/04/885d3b1f650e1153cbb93a6a9782c58a972b94ea4483ae4ac5cedd5e4a09/tomli-2.2.1-cp312-cp312-musllinux_1_2_i686.whl", hash = "sha256:02abe224de6ae62c19f090f68da4e27b10af2b93213d36cf44e6e1c5abd19fdd" },
    { url = "https://repo.splunkdev.net/artifactory/api/pypi/pypi-test/packages/packages/9c/de/6b432d66e986e501586da298e28ebeefd3edc2c780f3ad73d22566034239/tomli-2.2.1-cp312-cp312-musllinux_1_2_x86_64.whl", hash = "sha256:b82ebccc8c8a36f2094e969560a1b836758481f3dc360ce9a3277c65f374285e" },
    { url = "https://repo.splunkdev.net/artifactory/api/pypi/pypi-test/packages/packages/1c/9a/47c0449b98e6e7d1be6cbac02f93dd79003234ddc4aaab6ba07a9a7482e2/tomli-2.2.1-cp312-cp312-win32.whl", hash = "sha256:889f80ef92701b9dbb224e49ec87c645ce5df3fa2cc548664eb8a25e03127a98" },
    { url = "https://repo.splunkdev.net/artifactory/api/pypi/pypi-test/packages/packages/ef/60/9b9638f081c6f1261e2688bd487625cd1e660d0a85bd469e91d8db969734/tomli-2.2.1-cp312-cp312-win_amd64.whl", hash = "sha256:7fc04e92e1d624a4a63c76474610238576942d6b8950a2d7f908a340494e67e4" },
    { url = "https://repo.splunkdev.net/artifactory/api/pypi/pypi-test/packages/packages/04/90/2ee5f2e0362cb8a0b6499dc44f4d7d48f8fff06d28ba46e6f1eaa61a1388/tomli-2.2.1-cp313-cp313-macosx_10_13_x86_64.whl", hash = "sha256:f4039b9cbc3048b2416cc57ab3bda989a6fcf9b36cf8937f01a6e731b64f80d7" },
    { url = "https://repo.splunkdev.net/artifactory/api/pypi/pypi-test/packages/packages/c0/ec/46b4108816de6b385141f082ba99e315501ccd0a2ea23db4a100dd3990ea/tomli-2.2.1-cp313-cp313-macosx_11_0_arm64.whl", hash = "sha256:286f0ca2ffeeb5b9bd4fcc8d6c330534323ec51b2f52da063b11c502da16f30c" },
    { url = "https://repo.splunkdev.net/artifactory/api/pypi/pypi-test/packages/packages/a0/bd/b470466d0137b37b68d24556c38a0cc819e8febe392d5b199dcd7f578365/tomli-2.2.1-cp313-cp313-manylinux_2_17_aarch64.manylinux2014_aarch64.whl", hash = "sha256:a92ef1a44547e894e2a17d24e7557a5e85a9e1d0048b0b5e7541f76c5032cb13" },
    { url = "https://repo.splunkdev.net/artifactory/api/pypi/pypi-test/packages/packages/d9/e5/82e80ff3b751373f7cead2815bcbe2d51c895b3c990686741a8e56ec42ab/tomli-2.2.1-cp313-cp313-manylinux_2_17_x86_64.manylinux2014_x86_64.whl", hash = "sha256:9316dc65bed1684c9a98ee68759ceaed29d229e985297003e494aa825ebb0281" },
    { url = "https://repo.splunkdev.net/artifactory/api/pypi/pypi-test/packages/packages/05/7e/2a110bc2713557d6a1bfb06af23dd01e7dde52b6ee7dadc589868f9abfac/tomli-2.2.1-cp313-cp313-manylinux_2_5_i686.manylinux1_i686.manylinux_2_17_i686.manylinux2014_i686.whl", hash = "sha256:e85e99945e688e32d5a35c1ff38ed0b3f41f43fad8df0bdf79f72b2ba7bc5272" },
    { url = "https://repo.splunkdev.net/artifactory/api/pypi/pypi-test/packages/packages/64/7b/22d713946efe00e0adbcdfd6d1aa119ae03fd0b60ebed51ebb3fa9f5a2e5/tomli-2.2.1-cp313-cp313-musllinux_1_2_aarch64.whl", hash = "sha256:ac065718db92ca818f8d6141b5f66369833d4a80a9d74435a268c52bdfa73140" },
    { url = "https://repo.splunkdev.net/artifactory/api/pypi/pypi-test/packages/packages/38/31/3a76f67da4b0cf37b742ca76beaf819dca0ebef26d78fc794a576e08accf/tomli-2.2.1-cp313-cp313-musllinux_1_2_i686.whl", hash = "sha256:d920f33822747519673ee656a4b6ac33e382eca9d331c87770faa3eef562aeb2" },
    { url = "https://repo.splunkdev.net/artifactory/api/pypi/pypi-test/packages/packages/07/10/5af1293da642aded87e8a988753945d0cf7e00a9452d3911dd3bb354c9e2/tomli-2.2.1-cp313-cp313-musllinux_1_2_x86_64.whl", hash = "sha256:a198f10c4d1b1375d7687bc25294306e551bf1abfa4eace6650070a5c1ae2744" },
    { url = "https://repo.splunkdev.net/artifactory/api/pypi/pypi-test/packages/packages/5b/b9/1ed31d167be802da0fc95020d04cd27b7d7065cc6fbefdd2f9186f60d7bd/tomli-2.2.1-cp313-cp313-win32.whl", hash = "sha256:d3f5614314d758649ab2ab3a62d4f2004c825922f9e370b29416484086b264ec" },
    { url = "https://repo.splunkdev.net/artifactory/api/pypi/pypi-test/packages/packages/c7/32/b0963458706accd9afcfeb867c0f9175a741bf7b19cd424230714d722198/tomli-2.2.1-cp313-cp313-win_amd64.whl", hash = "sha256:a38aa0308e754b0e3c67e344754dff64999ff9b513e691d0e786265c93583c69" },
    { url = "https://repo.splunkdev.net/artifactory/api/pypi/pypi-test/packages/packages/6e/c2/61d3e0f47e2b74ef40a68b9e6ad5984f6241a942f7cd3bbfbdbd03861ea9/tomli-2.2.1-py3-none-any.whl", hash = "sha256:cb55c73c5f4408779d0cf3eef9f762b9c9f147a77de7b258bef0a5628adc85cc" },
]

[[package]]
name = "tox"
version = "4.28.4"
source = { registry = "https://repo.splunkdev.net/artifactory/api/pypi/pypi-test/simple" }
dependencies = [
    { name = "cachetools" },
    { name = "chardet" },
    { name = "colorama" },
    { name = "filelock" },
    { name = "packaging" },
    { name = "platformdirs" },
    { name = "pluggy" },
    { name = "pyproject-api" },
    { name = "tomli", marker = "python_full_version < '3.11'" },
    { name = "typing-extensions", marker = "python_full_version < '3.11'" },
    { name = "virtualenv" },
]
sdist = { url = "https://repo.splunkdev.net/artifactory/api/pypi/pypi-test/packages/packages/cf/01/321c98e3cc584fd101d869c85be2a8236a41a84842bc6af5c078b10c2126/tox-4.28.4.tar.gz", hash = "sha256:b5b14c6307bd8994ff1eba5074275826620325ee1a4f61316959d562bfd70b9d" }
wheels = [
    { url = "https://repo.splunkdev.net/artifactory/api/pypi/pypi-test/packages/packages/fe/54/564a33093e41a585e2e997220986182c037bc998abf03a0eb4a7a67c4eff/tox-4.28.4-py3-none-any.whl", hash = "sha256:8d4ad9ee916ebbb59272bb045e154a10fa12e3bbdcf94cc5185cbdaf9b241f99" },
]

[[package]]
name = "typing-extensions"
version = "4.14.1"
source = { registry = "https://repo.splunkdev.net/artifactory/api/pypi/pypi-test/simple" }
sdist = { url = "https://repo.splunkdev.net/artifactory/api/pypi/pypi-test/packages/packages/98/5a/da40306b885cc8c09109dc2e1abd358d5684b1425678151cdaed4731c822/typing_extensions-4.14.1.tar.gz", hash = "sha256:38b39f4aeeab64884ce9f74c94263ef78f3c22467c8724005483154c26648d36" }
wheels = [
    { url = "https://repo.splunkdev.net/artifactory/api/pypi/pypi-test/packages/packages/b5/00/d631e67a838026495268c2f6884f3711a15a9a2a96cd244fdaea53b823fb/typing_extensions-4.14.1-py3-none-any.whl", hash = "sha256:d1e1e3b58374dc93031d6eda2420a48ea44a36c2b4766a4fdeb3710755731d76" },
]

[[package]]
name = "virtualenv"
version = "20.32.0"
source = { registry = "https://repo.splunkdev.net/artifactory/api/pypi/pypi-test/simple" }
dependencies = [
    { name = "distlib" },
    { name = "filelock" },
    { name = "platformdirs" },
]
sdist = { url = "https://repo.splunkdev.net/artifactory/api/pypi/pypi-test/packages/packages/a9/96/0834f30fa08dca3738614e6a9d42752b6420ee94e58971d702118f7cfd30/virtualenv-20.32.0.tar.gz", hash = "sha256:886bf75cadfdc964674e6e33eb74d787dff31ca314ceace03ca5810620f4ecf0" }
wheels = [
    { url = "https://repo.splunkdev.net/artifactory/api/pypi/pypi-test/packages/packages/5c/c6/f8f28009920a736d0df434b52e9feebfb4d702ba942f15338cb4a83eafc1/virtualenv-20.32.0-py3-none-any.whl", hash = "sha256:2c310aecb62e5aa1b06103ed7c2977b81e042695de2697d01017ff0f1034af56" },
]

[[package]]
name = "zipp"
version = "3.23.0"
source = { registry = "https://repo.splunkdev.net/artifactory/api/pypi/pypi-test/simple" }
sdist = { url = "https://repo.splunkdev.net/artifactory/api/pypi/pypi-test/packages/packages/e3/02/0f2892c661036d50ede074e376733dca2ae7c6eb617489437771209d4180/zipp-3.23.0.tar.gz", hash = "sha256:a07157588a12518c9d4034df3fbbee09c814741a33ff63c05fa29d26a2404166" }
wheels = [
    { url = "https://repo.splunkdev.net/artifactory/api/pypi/pypi-test/packages/packages/2e/54/647ade08bf0db230bfea292f893923872fd20be6ac6f53b2b936ba839d75/zipp-3.23.0-py3-none-any.whl", hash = "sha256:071652d6115ed432f5ce1d34c336c0adfd6a884660d1e9712a256d3d3bd4b14e" },
]
